<?xml version="1.0" encoding="UTF-8" standalone="yes" ?>
<CodeBlocks_project_file>
	<FileVersion major="1" minor="6" />
	<Project>
		<Option title="UTNprojectocopia" />
		<Option pch_mode="2" />
		<Option compiler="gcc" />
		<Build>
			<Target title="Debug">
				<Option output="bin/Debug/UTNprojecto" prefix_auto="1" extension_auto="1" />
				<Option object_output="obj/Debug/" />
				<Option type="1" />
				<Option compiler="gcc" />
				<Compiler>
					<Add option="-g" />
				</Compiler>
			</Target>
			<Target title="Release">
				<Option output="bin/Release/UTNprojecto" prefix_auto="1" extension_auto="1" />
				<Option object_output="obj/Release/" />
				<Option type="1" />
				<Option compiler="gcc" />
				<Compiler>
					<Add option="-O2" />
				</Compiler>
				<Linker>
					<Add option="-s" />
				</Linker>
			</Target>
		</Build>
		<Compiler>
			<Add option="-Wall" />
			<Add option="-fexceptions" />
		</Compiler>
		<Unit filename="Bienvenida.h">
			<Option target="&lt;{~None~}&gt;" />
		</Unit>
		<Unit filename="CierreDelJuego.h">
			<Option target="&lt;{~None~}&gt;" />
		</Unit>
		<Unit filename="Declaraciones.h">
			<Option target="&lt;{~None~}&gt;" />
		</Unit>
		<Unit filename="IngresoIncorrecto.h">
			<Option target="&lt;{~None~}&gt;" />
		</Unit>
		<Unit filename="MenuPrincipal.h">
			<Option target="&lt;{~None~}&gt;" />
		</Unit>
		<Unit filename="MostrarCuadricula.h">
			<Option target="&lt;{~None~}&gt;" />
		</Unit>
		<Unit filename="PedirNombres.h">
			<Option target="&lt;{~None~}&gt;" />
		</Unit>
		<Unit filename="Reglas.h">
			<Option target="&lt;{~None~}&gt;" />
		</Unit>
		<Unit filename="VolverOSalir.h">
			<Option target="&lt;{~None~}&gt;" />
		</Unit>
		<Unit filename="main.cpp" />
		<Extensions>
			<lib_finder disable_auto="1" />
		</Extensions>
	</Project>
</CodeBlocks_project_file>
